
Microsoft Visual Studio Solution File, Format Version 12.00
# Visual Studio 15
VisualStudioVersion = 15.0.27004.2008
MinimumVisualStudioVersion = 10.0.40219.1
Project("{FAE04EC0-301F-11D3-BF4B-00C04F79EFBC}") = "SevenWonders.WebAPI", "SevenWonders.WebAPI\SevenWonders.WebAPI.csproj", "{A8100E1F-017B-430B-A1D5-9CF919BFEC19}"
EndProject
Project("{FAE04EC0-301F-11D3-BF4B-00C04F79EFBC}") = "SevenWonders.WebAPI.Tests", "SevenWonders.WebAPI.Tests\SevenWonders.WebAPI.Tests.csproj", "{7290C015-B973-4898-A4AF-9B465CC203EA}"
EndProject
Project("{888888A0-9F3D-457C-B088-3A5042F75D52}") = "SevenWondersPython", "SevenWondersPython\SevenWondersPython.pyproj", "{03CB6BCE-7F6C-4682-A6FE-786FFBAAE46A}"
EndProject
Global
	GlobalSection(SolutionConfigurationPlatforms) = preSolution
		Debug|Any CPU = Debug|Any CPU
		Release|Any CPU = Release|Any CPU
	EndGlobalSection
	GlobalSection(ProjectConfigurationPlatforms) = postSolution
		{A8100E1F-017B-430B-A1D5-9CF919BFEC19}.Debug|Any CPU.ActiveCfg = Debug|Any CPU
		{A8100E1F-017B-430B-A1D5-9CF919BFEC19}.Debug|Any CPU.Build.0 = Debug|Any CPU
		{A8100E1F-017B-430B-A1D5-9CF919BFEC19}.Release|Any CPU.ActiveCfg = Release|Any CPU
		{A8100E1F-017B-430B-A1D5-9CF919BFEC19}.Release|Any CPU.Build.0 = Release|Any CPU
		{7290C015-B973-4898-A4AF-9B465CC203EA}.Debug|Any CPU.ActiveCfg = Debug|Any CPU
		{7290C015-B973-4898-A4AF-9B465CC203EA}.Debug|Any CPU.Build.0 = Debug|Any CPU
		{7290C015-B973-4898-A4AF-9B465CC203EA}.Release|Any CPU.ActiveCfg = Release|Any CPU
		{7290C015-B973-4898-A4AF-9B465CC203EA}.Release|Any CPU.Build.0 = Release|Any CPU
		{03CB6BCE-7F6C-4682-A6FE-786FFBAAE46A}.Debug|Any CPU.ActiveCfg = Debug|Any CPU
		{03CB6BCE-7F6C-4682-A6FE-786FFBAAE46A}.Debug|Any CPU.Build.0 = Debug|Any CPU
		{03CB6BCE-7F6C-4682-A6FE-786FFBAAE46A}.Release|Any CPU.ActiveCfg = Release|Any CPU
		{03CB6BCE-7F6C-4682-A6FE-786FFBAAE46A}.Release|Any CPU.Build.0 = Release|Any CPU
	EndGlobalSection
	GlobalSection(SolutionProperties) = preSolution
		HideSolutionNode = FALSE
	EndGlobalSection
	GlobalSection(ExtensibilityGlobals) = postSolution
		SolutionGuid = {34EF2D49-4128-4C5F-9508-82E7222C7973}
	EndGlobalSection
EndGlobal
